{
  "name": "node-app",
  "version": "1.0.0",
  "lockfileVersion": 1,
  "requires": true,
  "dependencies": {
    "lion-lib-alexchen": {
      "version": "1.0.0",
      "resolved": "https://registry.npmjs.org/lion-lib-alexchen/-/lion-lib-alexchen-1.0.0.tgz",
      "integrity": "sha512-LN0nvFR5V5fl/OI6AjJckEH9OKwjiYXxsVGRHHsOn/M9/5CIFDcVK4t9th8A4aLtydYAFvawaK8U6j6nyRKP7Q=="
    }
  }
}
